
Microsoft Visual Studio Solution File, Format Version 12.00
Project("{FAE04EC0-301F-11D3-BF4B-00C04F79EFBC}") = "Client", "Client\Client.csproj", "{2BFF9339-C6FF-422D-84C9-4C3DFB468A6D}"
EndProject
Project("{FAE04EC0-301F-11D3-BF4B-00C04F79EFBC}") = "Server", "Server\Server.csproj", "{3BEF69C6-6FD0-47A2-826A-714ACF34C02C}"
EndProject
Global
	GlobalSection(SolutionConfigurationPlatforms) = preSolution
		Debug|Any CPU = Debug|Any CPU
		Release|Any CPU = Release|Any CPU
	EndGlobalSection
	GlobalSection(ProjectConfigurationPlatforms) = postSolution
		{2BFF9339-C6FF-422D-84C9-4C3DFB468A6D}.Debug|Any CPU.ActiveCfg = Debug|Any CPU
		{2BFF9339-C6FF-422D-84C9-4C3DFB468A6D}.Debug|Any CPU.Build.0 = Debug|Any CPU
		{2BFF9339-C6FF-422D-84C9-4C3DFB468A6D}.Release|Any CPU.ActiveCfg = Release|Any CPU
		{2BFF9339-C6FF-422D-84C9-4C3DFB468A6D}.Release|Any CPU.Build.0 = Release|Any CPU
		{3BEF69C6-6FD0-47A2-826A-714ACF34C02C}.Debug|Any CPU.ActiveCfg = Debug|Any CPU
		{3BEF69C6-6FD0-47A2-826A-714ACF34C02C}.Debug|Any CPU.Build.0 = Debug|Any CPU
		{3BEF69C6-6FD0-47A2-826A-714ACF34C02C}.Release|Any CPU.ActiveCfg = Release|Any CPU
		{3BEF69C6-6FD0-47A2-826A-714ACF34C02C}.Release|Any CPU.Build.0 = Release|Any CPU
	EndGlobalSection
EndGlobal
